
Microsoft Visual Studio Solution File, Format Version 11.00
# Visual Studio 2010
Project("{FAE04EC0-301F-11D3-BF4B-00C04F79EFBC}") = "Assembly-CSharp", "Assembly-CSharp.csproj", "{B2A14891-4343-4638-F705-7784A1268748}"
EndProject
Project("{FAE04EC0-301F-11D3-BF4B-00C04F79EFBC}") = "Assembly-CSharp-Editor", "Assembly-CSharp-Editor.csproj", "{57907D5E-241F-5D2E-DC2B-D131A0546764}"
EndProject
Global
	GlobalSection(SolutionConfigurationPlatforms) = preSolution
		Debug|Any CPU = Debug|Any CPU
		Release|Any CPU = Release|Any CPU
	EndGlobalSection
	GlobalSection(ProjectConfigurationPlatforms) = postSolution
		{B2A14891-4343-4638-F705-7784A1268748}.Debug|Any CPU.ActiveCfg = Debug|Any CPU
		{B2A14891-4343-4638-F705-7784A1268748}.Debug|Any CPU.Build.0 = Debug|Any CPU
		{B2A14891-4343-4638-F705-7784A1268748}.Release|Any CPU.ActiveCfg = Release|Any CPU
		{B2A14891-4343-4638-F705-7784A1268748}.Release|Any CPU.Build.0 = Release|Any CPU
		{57907D5E-241F-5D2E-DC2B-D131A0546764}.Debug|Any CPU.ActiveCfg = Debug|Any CPU
		{57907D5E-241F-5D2E-DC2B-D131A0546764}.Debug|Any CPU.Build.0 = Debug|Any CPU
		{57907D5E-241F-5D2E-DC2B-D131A0546764}.Release|Any CPU.ActiveCfg = Release|Any CPU
		{57907D5E-241F-5D2E-DC2B-D131A0546764}.Release|Any CPU.Build.0 = Release|Any CPU
	EndGlobalSection
	GlobalSection(SolutionProperties) = preSolution
		HideSolutionNode = FALSE
	EndGlobalSection
	GlobalSection(MonoDevelopProperties) = preSolution
		StartupItem = Assembly-CSharp.csproj
	EndGlobalSection
EndGlobal
